
Microsoft Visual Studio Solution File, Format Version 12.00
# Visual Studio Version 17
VisualStudioVersion = 17.7.34031.279
MinimumVisualStudioVersion = 10.0.40219.1
Project("{FAE04EC0-301F-11D3-BF4B-00C04F79EFBC}") = "9.Arrays", "9.Arrays.csproj", "{F120794D-33B8-47C0-A569-EE897EB0217A}"
EndProject
Global
	GlobalSection(SolutionConfigurationPlatforms) = preSolution
		Debug|Any CPU = Debug|Any CPU
		Release|Any CPU = Release|Any CPU
	EndGlobalSection
	GlobalSection(ProjectConfigurationPlatforms) = postSolution
		{F120794D-33B8-47C0-A569-EE897EB0217A}.Debug|Any CPU.ActiveCfg = Debug|Any CPU
		{F120794D-33B8-47C0-A569-EE897EB0217A}.Debug|Any CPU.Build.0 = Debug|Any CPU
		{F120794D-33B8-47C0-A569-EE897EB0217A}.Release|Any CPU.ActiveCfg = Release|Any CPU
		{F120794D-33B8-47C0-A569-EE897EB0217A}.Release|Any CPU.Build.0 = Release|Any CPU
	EndGlobalSection
	GlobalSection(SolutionProperties) = preSolution
		HideSolutionNode = FALSE
	EndGlobalSection
	GlobalSection(ExtensibilityGlobals) = postSolution
		SolutionGuid = {CC440D8D-B099-4DD9-A258-BB0F24DAC88B}
	EndGlobalSection
EndGlobal
